<?xml version="1.0" encoding="utf-8"?>
<Project ToolsVersion="4.0" xmlns="http://schemas.microsoft.com/developer/msbuild/2003">
  <ItemGroup>
    <Filter Include="src">
      <UniqueIdentifier>{e056440c-c3f6-4fef-996b-1c7f8de4e40a}</UniqueIdentifier>
    </Filter>
    <Filter Include="src\util">
      <UniqueIdentifier>{5bb11ad9-ae4d-409b-acba-7a60bf4fef40}</UniqueIdentifier>
    </Filter>
    <Filter Include="src\util\gui">
      <UniqueIdentifier>{5bb11ad9-ae4d-409b-acba-7a60bf4fef45}</UniqueIdentifier>
    </Filter>
    <Filter Include="src\tdutil">
      <UniqueIdentifier>{5bb11ad9-ae4d-409b-acba-7a60bf4fef42}</UniqueIdentifier>
    </Filter>
    <Filter Include="src\td">
      <UniqueIdentifier>{5bb11ad9-ae4d-409b-acba-7a60bf4fef41}</UniqueIdentifier>
    </Filter>
    <Filter Include="Maps">
      <UniqueIdentifier>{5bb11ad9-ae4d-409b-acba-7a60bf4fef43}</UniqueIdentifier>
    </Filter>
    <Filter Include="asset">
      <UniqueIdentifier>{67DA6AB6-F800-4c08-8B7A-83BB121AAD01}</UniqueIdentifier>
      <Extensions>rc;ico;cur;bmp;dlg;rc2;rct;bin;rgs;gif;jpg;jpeg;jpe;resx;tiff;tif;png;wav;mfcribbon-ms</Extensions>
    </Filter>
    <Filter Include="asset\font">
      <UniqueIdentifier>{9601a807-58a3-4a90-91db-953266201670}</UniqueIdentifier>
      <Extensions>ttf</Extensions>
    </Filter>
    <Filter Include="asset\music">
      <UniqueIdentifier>{94bea3ef-0c39-48f8-ab4c-b5bbc128a4d5}</UniqueIdentifier>
      <Extensions>ogg</Extensions>
    </Filter>
    <Filter Include="asset\graphic">
      <UniqueIdentifier>{323dc01d-da22-4f6e-92ef-39a77497c4d7}</UniqueIdentifier>
      <Extensions>png;xcf</Extensions>
    </Filter>
    <Filter Include="asset\graphic\td">
      <UniqueIdentifier>{323dc01d-da22-4f6e-92ef-39a77497c4d8}</UniqueIdentifier>
      <Extensions>png;xcf</Extensions>
    </Filter>
  </ItemGroup>
  <ItemGroup>
    <ClInclude Include="src\bddgame.h">
      <Filter>src</Filter>
    </ClInclude>
    <ClInclude Include="src\gamebase.h">
      <Filter>src</Filter>
    </ClInclude>
    <ClInclude Include="src\global.h">
      <Filter>src</Filter>
    </ClInclude>
    <ClInclude Include="src\introstate.h">
      <Filter>src</Filter>
    </ClInclude>
    <ClInclude Include="src\recthelper.h">
      <Filter>src</Filter>
    </ClInclude>
    <ClInclude Include="src\td\test_tower.h">
      <Filter>src\td</Filter>
    </ClInclude>
    <ClInclude Include="src\td\testtd.h">
      <Filter>src\td</Filter>
    </ClInclude>
    <ClInclude Include="src\tdUtil\editor.h">
      <Filter>src\tdUtil</Filter>
    </ClInclude>
    <ClInclude Include="src\tdUtil\enemy.h">
      <Filter>src\tdUtil</Filter>
    </ClInclude>
    <ClInclude Include="src\tdUtil\enemyHandler.h">
      <Filter>src\tdUtil</Filter>
    </ClInclude>
    <ClInclude Include="src\tdUtil\map.h">
      <Filter>src\tdUtil</Filter>
    </ClInclude>
    <ClInclude Include="src\tdUtil\particlesHandler.h">
      <Filter>src\tdUtil</Filter>
    </ClInclude>
    <ClInclude Include="src\tdUtil\projectilesHandler.h">
      <Filter>src\tdUtil</Filter>
    </ClInclude>
    <ClInclude Include="src\tdUtil\tdTileHandler.h">
      <Filter>src\tdUtil</Filter>
    </ClInclude>
    <ClInclude Include="src\tdUtil\tower.h">
      <Filter>src\tdUtil</Filter>
    </ClInclude>
    <ClInclude Include="src\util\TextureCache.h">
      <Filter>src\util</Filter>
    </ClInclude>
    <ClInclude Include="src\util\TextWithValue.h">
      <Filter>src\util</Filter>
    </ClInclude>
    <ClInclude Include="src\util\gui\Button.h">
      <Filter>src\util\gui</Filter>
    </ClInclude>
    <ClInclude Include="src\util\gui\gui.h">
      <Filter>src\util\gui</Filter>
    </ClInclude>
    <ClInclude Include="src\util\gui\inputDialog.h">
      <Filter>src\util\gui</Filter>
    </ClInclude>
    <ClInclude Include="src\util\gui\selectorDialog.h">
      <Filter>src\util\gui</Filter>
    </ClInclude>
    <ClInclude Include="src\util\gui\textbox.h">
      <Filter>src\util\gui</Filter>
    </ClInclude>
    <ClInclude Include="src\util\gui\sizeDialog.h" />
  </ItemGroup>
  <ItemGroup>
    <None Include="packages.config" />
    <None Include="asset\music\severance.ogg">
      <Filter>asset\music</Filter>
    </None>
    <None Include="Maps\neueMap.map">
      <Filter>Maps</Filter>
    </None>
    <None Include="README.md" />
    <None Include="LICENSE" />
    <None Include="classdiagram.drawio" />
    <None Include=".gitignore" />
    <None Include="asset\graphic\td\tileTD.xcf">
      <Filter>asset\graphic\td</Filter>
    </None>
    <None Include="old_README.md" />
    <None Include="asset\graphic\Unbenannt.xcf">
      <Filter>asset\graphic</Filter>
    </None>
  </ItemGroup>
  <ItemGroup>
    <Image Include="asset\graphic\background.png">
      <Filter>asset\graphic</Filter>
    </Image>
    <Image Include="asset\graphic\ball.png">
      <Filter>asset\graphic</Filter>
    </Image>
    <Image Include="asset\graphic\bg-layer-1.png">
      <Filter>asset\graphic</Filter>
    </Image>
    <Image Include="asset\graphic\bg-layer-2.png">
      <Filter>asset\graphic</Filter>
    </Image>
    <Image Include="asset\graphic\bg-layer-3.png">
      <Filter>asset\graphic</Filter>
    </Image>
    <Image Include="asset\graphic\bg-layer-4.png">
      <Filter>asset\graphic</Filter>
    </Image>
    <Image Include="asset\graphic\bg-main.png">
      <Filter>asset\graphic</Filter>
    </Image>
    <Image Include="asset\graphic\bg-testtd.png">
      <Filter>asset\graphic</Filter>
    </Image>
    <Image Include="asset\graphic\bg-ui-testtd.png">
      <Filter>asset\graphic</Filter>
    </Image>
    <Image Include="asset\graphic\fire.png">
      <Filter>asset\graphic</Filter>
    </Image>
    <Image Include="asset\graphic\poison.png">
      <Filter>asset\graphic</Filter>
    </Image>
    <Image Include="asset\graphic\td\tileTD.png">
      <Filter>asset\graphic\td</Filter>
    </Image>
    <Image Include="classdiagram.png" />
    <Image Include="asset\graphic\tf_tileSet.png">
      <Filter>asset\graphic</Filter>
    </Image>
  </ItemGroup>
  <ItemGroup>
    <Font Include="asset\font\MonkeyIsland-1991-refined.ttf">
      <Filter>asset\font</Filter>
    </Font>
    <Font Include="asset\font\RobotoSlab-Bold.ttf">
      <Filter>asset\font</Filter>
    </Font>
  </ItemGroup>
  <ItemGroup>
    <ClCompile Include="src\bddgame.cpp">
      <Filter>src</Filter>
    </ClCompile>
    <ClCompile Include="src\gamebase.cpp">
      <Filter>src</Filter>
    </ClCompile>
    <ClCompile Include="src\introstate.cpp">
      <Filter>src</Filter>
    </ClCompile>
    <ClCompile Include="src\main.cpp">
      <Filter>src</Filter>
    </ClCompile>
    <ClCompile Include="src\td\test_tower.cpp">
      <Filter>src\td</Filter>
    </ClCompile>
    <ClCompile Include="src\td\testtd.cpp">
      <Filter>src\td</Filter>
    </ClCompile>
    <ClCompile Include="src\tdUtil\editor.cpp">
      <Filter>src\tdutil</Filter>
    </ClCompile>
    <ClCompile Include="src\tdUtil\enemy.cpp">
      <Filter>src\tdutil</Filter>
    </ClCompile>
    <ClCompile Include="src\tdUtil\enemyHandler.cpp">
      <Filter>src\tdutil</Filter>
    </ClCompile>
    <ClCompile Include="src\tdUtil\map.cpp">
      <Filter>src\tdutil</Filter>
    </ClCompile>
    <ClCompile Include="src\tdUtil\particlesHandler.cpp">
      <Filter>src\tdutil</Filter>
    </ClCompile>
    <ClCompile Include="src\tdUtil\projectilesHandler.cpp">
      <Filter>src\tdutil</Filter>
    </ClCompile>
    <ClCompile Include="src\tdUtil\tdTileHandler.cpp">
      <Filter>src\tdutil</Filter>
    </ClCompile>
    <ClCompile Include="src\tdUtil\tower.cpp">
      <Filter>src\tdutil</Filter>
    </ClCompile>
    <ClCompile Include="src\util\TextureCache.cpp">
      <Filter>src\util</Filter>
    </ClCompile>
    <ClCompile Include="src\util\TextWithValue.cpp">
      <Filter>src\util</Filter>
    </ClCompile>
    <ClCompile Include="src\util\gui\Button.cpp">
      <Filter>src\util\gui</Filter>
    </ClCompile>
    <ClCompile Include="src\util\gui\gui.cpp">
      <Filter>src\util\gui</Filter>
    </ClCompile>
    <ClCompile Include="src\util\gui\inputDialog.cpp">
      <Filter>src\util\gui</Filter>
    </ClCompile>
    <ClCompile Include="src\util\gui\selectorDialog.cpp">
      <Filter>src\util\gui</Filter>
    </ClCompile>
    <ClCompile Include="src\util\gui\textbox.cpp">
      <Filter>src\util\gui</Filter>
    </ClCompile>
    <ClCompile Include="src\util\gui\sizeDialog.cpp" />
  </ItemGroup>
  <ItemGroup>
    <Text Include="CMakeLists.txt" />
  </ItemGroup>
</Project>