<?xml version="1.0" encoding="utf-8"?>
<Project ToolsVersion="4.0" xmlns="http://schemas.microsoft.com/developer/msbuild/2003">
  <ItemGroup>
    <Filter Include="asset">
      <UniqueIdentifier>{67DA6AB6-F800-4c08-8B7A-83BB121AAD01}</UniqueIdentifier>
      <Extensions>rc;ico;cur;bmp;dlg;rc2;rct;bin;rgs;gif;jpg;jpeg;jpe;resx;tiff;tif;png;wav;mfcribbon-ms</Extensions>
    </Filter>
    <Filter Include="asset\font">
      <UniqueIdentifier>{9601a807-58a3-4a90-91db-953266201670}</UniqueIdentifier>
      <Extensions>ttf</Extensions>
    </Filter>
    <Filter Include="asset\graphic">
      <UniqueIdentifier>{323dc01d-da22-4f6e-92ef-39a77497c4d7}</UniqueIdentifier>
      <Extensions>png;xcf</Extensions>
    </Filter>
    <Filter Include="asset\graphic\td">
      <UniqueIdentifier>{323dc01d-da22-4f6e-92ef-39a77497c4d8}</UniqueIdentifier>
      <Extensions>png;xcf</Extensions>
    </Filter>
    <Filter Include="asset\graphic\editor">
      <UniqueIdentifier>{323dc01d-da22-4f6e-92ef-39a77497c4d9}</UniqueIdentifier>
      <Extensions>png;xcf</Extensions>
    </Filter>
    <Filter Include="asset\music">
      <UniqueIdentifier>{94bea3ef-0c39-48f8-ab4c-b5bbc128a4f2}</UniqueIdentifier>
      <Extensions>mp3;ogg;wav</Extensions>
    </Filter>
    <Filter Include="asset\sound">
      <UniqueIdentifier>{94bea3ef-0c39-48f8-ab4c-b5bbc128a4f1}</UniqueIdentifier>
      <Extensions>ogg;wav;mp3</Extensions>
    </Filter>
    <Filter Include="Maps">
      <UniqueIdentifier>{5bb11ad9-ae4d-409b-acba-7a60bf4fdsf0}</UniqueIdentifier>
    </Filter>
    <Filter Include="Maps\gameMaps">
      <UniqueIdentifier>{5bb11ad9-ae4d-409b-acba-7a60bf4fdsf1}</UniqueIdentifier>
    </Filter>
    <Filter Include="src">
      <UniqueIdentifier>{e056440c-c3f6-4fef-996b-1c7f8de4e40a}</UniqueIdentifier>
    </Filter>
    <Filter Include="src\mainMenu">
      <UniqueIdentifier>{e056440c-c3f6-4fef-996b-1c7f8de4e40b}</UniqueIdentifier>
    </Filter>
    <Filter Include="src\td">
      <UniqueIdentifier>{5bb11ad9-ae4d-409b-acba-7a60bf4fef40}</UniqueIdentifier>
    </Filter>
    <Filter Include="src\td\anim">
      <UniqueIdentifier>{5bb11ad9-ae4d-409b-acba-7a60bf4fef41}</UniqueIdentifier>
    </Filter>
    <Filter Include="src\td\enemy">
      <UniqueIdentifier>{5bb11ad9-ae4d-409b-acba-7a60bf4fef42}</UniqueIdentifier>
    </Filter>
    <Filter Include="src\td\projectiles">
      <UniqueIdentifier>{5bb11ad9-ae4d-409b-acba-7a60bf4fef43}</UniqueIdentifier>
    </Filter>
    <Filter Include="src\td\tower">
      <UniqueIdentifier>{5bb11ad9-ae4d-409b-acba-7a60bf4fef44}</UniqueIdentifier>
    </Filter>
    <Filter Include="src\tdEditor">
      <UniqueIdentifier>{5bb11ad9-ae4d-409b-acba-7a60bf4fef45}</UniqueIdentifier>
    </Filter>
    <Filter Include="src\tdutil">
      <UniqueIdentifier>{5bb11ad9-ae4d-409b-acba-7a60bf4fef46}</UniqueIdentifier>
    </Filter>
    <Filter Include="src\util">
      <UniqueIdentifier>{5bb11ad9-ae4d-409b-acba-7a60bf4fef47}</UniqueIdentifier>
    </Filter>
    <Filter Include="src\util\gui">
      <UniqueIdentifier>{5bb11ad9-ae4d-409b-acba-7a60bf4fef48}</UniqueIdentifier>
    </Filter>
    <Filter Include="src\worldMap">
      <UniqueIdentifier>{5bb11ad9-ae4d-409b-acba-7a60bf4fef49}</UniqueIdentifier>
    </Filter>
  </ItemGroup>
  <ItemGroup>
    <ClInclude Include="src\bddgame.h">
      <Filter>src</Filter>
    </ClInclude>
    <ClInclude Include="src\mainMenu\introstate.h">
      <Filter>src\mainMenu</Filter>
    </ClInclude>
    <ClInclude Include="src\td\testtd.h">
      <Filter>src\td</Filter>
    </ClInclude>
    <ClInclude Include="src\td\anim\anim.h">
      <Filter>src\td\anim</Filter>
    </ClInclude>
    <ClInclude Include="src\td\anim\gameOverAnim.h">
      <Filter>src\td\anim</Filter>
    </ClInclude>
    <ClInclude Include="src\td\anim\methrannAnim.h">
      <Filter>src\td\anim</Filter>
    </ClInclude>
    <ClInclude Include="src\td\anim\stunBellAnim.h">
      <Filter>src\td\anim</Filter>
    </ClInclude>
    <ClInclude Include="src\td\enemy\bossEnemy.h">
      <Filter>src\td\enemy</Filter>
    </ClInclude>
    <ClInclude Include="src\td\enemy\drueberBolz.h">
      <Filter>src\td\enemy</Filter>
    </ClInclude>
    <ClInclude Include="src\td\enemy\enemy.h">
      <Filter>src\td\enemy</Filter>
    </ClInclude>
    <ClInclude Include="src\td\enemy\frolePoehlich.h">
      <Filter>src\td\enemy</Filter>
    </ClInclude>
    <ClInclude Include="src\td\projectiles\arrow.h">
      <Filter>src\td\projectiles</Filter>
    </ClInclude>
    <ClInclude Include="src\td\projectiles\baseExplosion.h">
      <Filter>src\td\projectiles</Filter>
    </ClInclude>
    <ClInclude Include="src\td\projectiles\boomerang.h">
      <Filter>src\td\projectiles</Filter>
    </ClInclude>
    <ClInclude Include="src\td\projectiles\fire.h">
      <Filter>src\td\projectiles</Filter>
    </ClInclude>
    <ClInclude Include="src\td\projectiles\hashbomb.h">
      <Filter>src\td\projectiles</Filter>
    </ClInclude>
    <ClInclude Include="src\td\projectiles\link.h">
      <Filter>src\td\projectiles</Filter>
    </ClInclude>
    <ClInclude Include="src\td\projectiles\projectile.h">
      <Filter>src\td\projectiles</Filter>
    </ClInclude>
    <ClInclude Include="src\td\projectiles\stringProjectile.h">
      <Filter>src\td\projectiles</Filter>
    </ClInclude>
    <ClInclude Include="src\td\tower\hashCanon.h">
      <Filter>src\td\tower</Filter>
    </ClInclude>
    <ClInclude Include="src\td\tower\linkedListTower.h">
      <Filter>src\td\tower</Filter>
    </ClInclude>
    <ClInclude Include="src\td\tower\pointerTower.h">
      <Filter>src\td\tower</Filter>
    </ClInclude>
    <ClInclude Include="src\td\tower\recursivTower.h">
      <Filter>src\td\tower</Filter>
    </ClInclude>
    <ClInclude Include="src\td\tower\stringTower.h">
      <Filter>src\td\tower</Filter>
    </ClInclude>
    <ClInclude Include="src\td\tower\tower.h">
      <Filter>src\td\tower</Filter>
    </ClInclude>
    <ClInclude Include="src\tdEditor\editor.h">
      <Filter>src\tdEditor</Filter>
    </ClInclude>
    <ClInclude Include="src\tdUtil\map.h">
      <Filter>src\tdUtil</Filter>
    </ClInclude>
    <ClInclude Include="src\tdUtil\player.h">
      <Filter>src\tdUtil</Filter>
    </ClInclude>
    <ClInclude Include="src\tdUtil\tdTileHandler.h">
      <Filter>src\tdUtil</Filter>
    </ClInclude>
    <ClInclude Include="src\tdUtil\Wave.h">
      <Filter>src\tdUtil</Filter>
    </ClInclude>
    <ClInclude Include="src\tdUtil\waveHandler.h">
      <Filter>src\tdUtil</Filter>
    </ClInclude>
    <ClInclude Include="src\util\audioHandler.h">
      <Filter>src\util</Filter>
    </ClInclude>
    <ClInclude Include="src\util\config.h">
      <Filter>src\util</Filter>
    </ClInclude>
    <ClInclude Include="src\util\coordinateTransformer.h">
      <Filter>src\util</Filter>
    </ClInclude>
    <ClInclude Include="src\util\dataHandler.h">
      <Filter>src\util</Filter>
    </ClInclude>
    <ClInclude Include="src\util\enums.h">
      <Filter>src\util</Filter>
    </ClInclude>
    <ClInclude Include="src\util\gamebase.h">
      <Filter>src\util</Filter>
    </ClInclude>
    <ClInclude Include="src\util\global.h">
      <Filter>src\util</Filter>
    </ClInclude>
    <ClInclude Include="src\util\recthelper.h">
      <Filter>src\util</Filter>
    </ClInclude>
    <ClInclude Include="src\util\renderHelper.h">
      <Filter>src\util</Filter>
    </ClInclude>
    <ClInclude Include="src\util\TextureCache.h">
      <Filter>src\util</Filter>
    </ClInclude>
    <ClInclude Include="src\util\gui\Button.h">
      <Filter>src\util\gui</Filter>
    </ClInclude>
    <ClInclude Include="src\util\gui\checkbox.h">
      <Filter>src\util\gui</Filter>
    </ClInclude>
    <ClInclude Include="src\util\gui\checkSymbol.h">
      <Filter>src\util\gui</Filter>
    </ClInclude>
    <ClInclude Include="src\util\gui\floatingMenu.h">
      <Filter>src\util\gui</Filter>
    </ClInclude>
    <ClInclude Include="src\util\gui\gui.h">
      <Filter>src\util\gui</Filter>
    </ClInclude>
    <ClInclude Include="src\util\gui\inputDialog.h">
      <Filter>src\util\gui</Filter>
    </ClInclude>
    <ClInclude Include="src\util\gui\linkEstablisher.h">
      <Filter>src\util\gui</Filter>
    </ClInclude>
    <ClInclude Include="src\util\gui\playerSettings.h">
      <Filter>src\util\gui</Filter>
    </ClInclude>
    <ClInclude Include="src\util\gui\selectorDialog.h">
      <Filter>src\util\gui</Filter>
    </ClInclude>
    <ClInclude Include="src\util\gui\sizeDialog.h">
      <Filter>src\util\gui</Filter>
    </ClInclude>
    <ClInclude Include="src\util\gui\textbox.h">
      <Filter>src\util\gui</Filter>
    </ClInclude>
    <ClInclude Include="src\util\gui\TextWithValue.h">
      <Filter>src\util\gui</Filter>
    </ClInclude>
    <ClInclude Include="src\util\gui\TextWithValue_Max.h">
      <Filter>src\util\gui</Filter>
    </ClInclude>
    <ClInclude Include="src\worldMap\worldMap.h">
      <Filter>src\worldMap</Filter>
    </ClInclude>
  </ItemGroup>
  <ItemGroup>
    <Text Include="CMakeLists.txt" />
  </ItemGroup>
  <ItemGroup>
    <None Include=".gitignore" />
    <None Include="classdiagram.drawio" />
    <None Include="CMakeSettings.json" />
    <None Include="LICENSE" />
    <None Include="newTiles.pdn" />
    <None Include="old_README.md" />
    <None Include="packages.config" />
    <None Include="README.md" />
    <None Include="tileTD.pdn" />
    <None Include="Titel.pdn" />
    <None Include="vcpkg.json" />
    <None Include="Maps\tmp.map">
      <Filter>Maps</Filter>
    </None>
    <None Include="Maps\gameMaps\World1.map">
      <Filter>Maps\gameMaps</Filter>
    </None>
    <None Include="Maps\gameMaps\World2.map">
      <Filter>Maps\gameMaps</Filter>
    </None>
    <None Include="Maps\gameMaps\World3.map">
      <Filter>Maps\gameMaps</Filter>
    </None>
    <None Include="Maps\gameMaps\World4.map">
      <Filter>Maps\gameMaps</Filter>
    </None>
    <None Include="Maps\gameMaps\World5.map">
      <Filter>Maps\gameMaps</Filter>
    </None>
    <None Include="Maps\gameMaps\World6.map">
      <Filter>Maps\gameMaps</Filter>
    </None>
    <None Include="Maps\gameMaps\World7.map">
      <Filter>Maps\gameMaps</Filter>
    </None>
    <None Include="Maps\gameMaps\World8.map">
      <Filter>Maps\gameMaps</Filter>
    </None>
    <None Include="asset\graphic\Unbenannt.xcf">
      <Filter>asset\graphic</Filter>
    </None>
    <None Include="asset\graphic\bg-world.xcf">
      <Filter>asset\graphic</Filter>
    </None>
    <None Include="asset\graphic\td\tileTD.xcf">
      <Filter>asset\graphic\td</Filter>
    </None>
    <None Include="asset\music\severance.ogg">
      <Filter>asset\music</Filter>
    </None>
    <None Include="asset\_music\severance.ogg">
      <Filter>asset\music</Filter>
    </None>
    <None Include="Maps\neueMap.map" />
  </ItemGroup>
  <ItemGroup>
    <Font Include="asset\font\MonkeyIsland-1991-refined.ttf">
      <Filter>asset\font</Filter>
    </Font>
    <Font Include="asset\font\RobotoSlab-Bold.ttf">
      <Filter>asset\font</Filter>
    </Font>
  </ItemGroup>
  <ItemGroup>
    <Image Include="classdiagram.png" />
    <Image Include="asset\graphic\background.png">
      <Filter>asset\graphic</Filter>
    </Image>
    <Image Include="asset\graphic\ball.png">
      <Filter>asset\graphic</Filter>
    </Image>
    <Image Include="asset\graphic\bg-layer-1.png">
      <Filter>asset\graphic</Filter>
    </Image>
    <Image Include="asset\graphic\bg-layer-2.png">
      <Filter>asset\graphic</Filter>
    </Image>
    <Image Include="asset\graphic\bg-layer-3.png">
      <Filter>asset\graphic</Filter>
    </Image>
    <Image Include="asset\graphic\bg-layer-4.png">
      <Filter>asset\graphic</Filter>
    </Image>
    <Image Include="asset\graphic\bg-main.png">
      <Filter>asset\graphic</Filter>
    </Image>
    <Image Include="asset\graphic\bg-testtd.png">
      <Filter>asset\graphic</Filter>
    </Image>
    <Image Include="asset\graphic\bg-ui-testtd.png">
      <Filter>asset\graphic</Filter>
    </Image>
    <Image Include="asset\graphic\bg-world.png">
      <Filter>asset\graphic</Filter>
    </Image>
    <Image Include="asset\graphic\fire.png">
      <Filter>asset\graphic</Filter>
    </Image>
    <Image Include="asset\graphic\methran1.png">
      <Filter>asset\graphic</Filter>
    </Image>
    <Image Include="asset\graphic\poison.png">
      <Filter>asset\graphic</Filter>
    </Image>
    <Image Include="asset\graphic\tf_tileSet.png">
      <Filter>asset\graphic</Filter>
    </Image>
    <Image Include="asset\graphic\Titel.png">
      <Filter>asset\graphic</Filter>
    </Image>
    <Image Include="asset\graphic\editor\arrow.png">
      <Filter>asset\graphic\editor</Filter>
    </Image>
    <Image Include="asset\graphic\editor\blocked.png">
      <Filter>asset\graphic\editor</Filter>
    </Image>
    <Image Include="asset\graphic\td\anger.png">
      <Filter>asset\graphic\td</Filter>
    </Image>
    <Image Include="asset\graphic\td\bell.png">
      <Filter>asset\graphic\td</Filter>
    </Image>
    <Image Include="asset\graphic\td\floatingMenu.png">
      <Filter>asset\graphic\td</Filter>
    </Image>
    <Image Include="asset\graphic\td\tileTD.png">
      <Filter>asset\graphic\td</Filter>
    </Image>
  </ItemGroup>
  <ItemGroup>
    <ClCompile Include="src\bddgame.cpp">
      <Filter>src</Filter>
    </ClCompile>
    <ClCompile Include="src\main.cpp">
      <Filter>src</Filter>
    </ClCompile>
    <ClCompile Include="src\mainMenu\introstate.cpp">
      <Filter>src\mainMenu</Filter>
    </ClCompile>
    <ClCompile Include="src\td\testtd.cpp">
      <Filter>src\td</Filter>
    </ClCompile>
    <ClCompile Include="src\td\anim\anim.cpp">
      <Filter>src\td\anim</Filter>
    </ClCompile>
    <ClCompile Include="src\td\anim\gameOverAnim.cpp">
      <Filter>src\td\anim</Filter>
    </ClCompile>
    <ClCompile Include="src\td\anim\methrannAnim.cpp">
      <Filter>src\td\anim</Filter>
    </ClCompile>
    <ClCompile Include="src\td\anim\stunBellAnim.cpp">
      <Filter>src\td\anim</Filter>
    </ClCompile>
    <ClCompile Include="src\td\enemy\bossEnemy.cpp">
      <Filter>src\td\enemy</Filter>
    </ClCompile>
    <ClCompile Include="src\td\enemy\drueberBolz.cpp">
      <Filter>src\td\enemy</Filter>
    </ClCompile>
    <ClCompile Include="src\td\enemy\enemy.cpp">
      <Filter>src\td\enemy</Filter>
    </ClCompile>
    <ClCompile Include="src\td\enemy\frolePoehlich.cpp">
      <Filter>src\td\enemy</Filter>
    </ClCompile>
    <ClCompile Include="src\td\projectiles\arrow.cpp">
      <Filter>src\td\projectiles</Filter>
    </ClCompile>
    <ClCompile Include="src\td\projectiles\baseExplosion.cpp">
      <Filter>src\td\projectiles</Filter>
    </ClCompile>
    <ClCompile Include="src\td\projectiles\boomerang.cpp">
      <Filter>src\td\projectiles</Filter>
    </ClCompile>
    <ClCompile Include="src\td\projectiles\fire.cpp">
      <Filter>src\td\projectiles</Filter>
    </ClCompile>
    <ClCompile Include="src\td\projectiles\hashbomb.cpp">
      <Filter>src\td\projectiles</Filter>
    </ClCompile>
    <ClCompile Include="src\td\projectiles\link.cpp">
      <Filter>src\td\projectiles</Filter>
    </ClCompile>
    <ClCompile Include="src\td\projectiles\projectile.cpp">
      <Filter>src\td\projectiles</Filter>
    </ClCompile>
    <ClCompile Include="src\td\projectiles\stringProjectile.cpp">
      <Filter>src\td\projectiles</Filter>
    </ClCompile>
    <ClCompile Include="src\td\tower\hashCanon.cpp">
      <Filter>src\td\tower</Filter>
    </ClCompile>
    <ClCompile Include="src\td\tower\linkedListTower.cpp">
      <Filter>src\td\tower</Filter>
    </ClCompile>
    <ClCompile Include="src\td\tower\pointerTower.cpp">
      <Filter>src\td\tower</Filter>
    </ClCompile>
    <ClCompile Include="src\td\tower\recursivTower.cpp">
      <Filter>src\td\tower</Filter>
    </ClCompile>
    <ClCompile Include="src\td\tower\stringTower.cpp">
      <Filter>src\td\tower</Filter>
    </ClCompile>
    <ClCompile Include="src\td\tower\tower.cpp">
      <Filter>src\td\tower</Filter>
    </ClCompile>
    <ClCompile Include="src\tdEditor\editor.cpp">
      <Filter>src\tdEditor</Filter>
    </ClCompile>
    <ClCompile Include="src\tdUtil\map.cpp">
      <Filter>src\tdutil</Filter>
    </ClCompile>
    <ClCompile Include="src\tdUtil\player.cpp">
      <Filter>src\tdutil</Filter>
    </ClCompile>
    <ClCompile Include="src\tdUtil\tdTileHandler.cpp">
      <Filter>src\tdutil</Filter>
    </ClCompile>
    <ClCompile Include="src\tdUtil\Wave.cpp">
      <Filter>src\tdutil</Filter>
    </ClCompile>
    <ClCompile Include="src\tdUtil\waveHandler.cpp">
      <Filter>src\tdutil</Filter>
    </ClCompile>
    <ClCompile Include="src\util\audioHandler.cpp">
      <Filter>src\util</Filter>
    </ClCompile>
    <ClCompile Include="src\util\config.cpp">
      <Filter>src\util</Filter>
    </ClCompile>
    <ClCompile Include="src\util\coordinateTransformer.cpp">
      <Filter>src\util</Filter>
    </ClCompile>
    <ClCompile Include="src\util\dataHandler.cpp">
      <Filter>src\util</Filter>
    </ClCompile>
    <ClCompile Include="src\util\gamebase.cpp">
      <Filter>src\util</Filter>
    </ClCompile>
    <ClCompile Include="src\util\renderHelper.cpp">
      <Filter>src\util</Filter>
    </ClCompile>
    <ClCompile Include="src\util\TextureCache.cpp">
      <Filter>src\util</Filter>
    </ClCompile>
    <ClCompile Include="src\util\gui\Button.cpp">
      <Filter>src\util\gui</Filter>
    </ClCompile>
    <ClCompile Include="src\util\gui\checkbox.cpp">
      <Filter>src\util\gui</Filter>
    </ClCompile>
    <ClCompile Include="src\util\gui\checkSymbol.cpp">
      <Filter>src\util\gui</Filter>
    </ClCompile>
    <ClCompile Include="src\util\gui\floatingMenu.cpp">
      <Filter>src\util\gui</Filter>
    </ClCompile>
    <ClCompile Include="src\util\gui\gui.cpp">
      <Filter>src\util\gui</Filter>
    </ClCompile>
    <ClCompile Include="src\util\gui\inputDialog.cpp">
      <Filter>src\util\gui</Filter>
    </ClCompile>
    <ClCompile Include="src\util\gui\linkEstablisher.cpp">
      <Filter>src\util\gui</Filter>
    </ClCompile>
    <ClCompile Include="src\util\gui\playerSettings.cpp">
      <Filter>src\util\gui</Filter>
    </ClCompile>
    <ClCompile Include="src\util\gui\selectorDialog.cpp">
      <Filter>src\util\gui</Filter>
    </ClCompile>
    <ClCompile Include="src\util\gui\sizeDialog.cpp">
      <Filter>src\util\gui</Filter>
    </ClCompile>
    <ClCompile Include="src\util\gui\textbox.cpp">
      <Filter>src\util\gui</Filter>
    </ClCompile>
    <ClCompile Include="src\util\gui\TextWithValue.cpp">
      <Filter>src\util\gui</Filter>
    </ClCompile>
    <ClCompile Include="src\util\gui\TextWithValue_MaxValue.cpp">
      <Filter>src\util\gui</Filter>
    </ClCompile>
    <ClCompile Include="src\worldMap\worldMap.cpp">
      <Filter>src\worldMap</Filter>
    </ClCompile>
  </ItemGroup>
  <ItemGroup>
    <Media Include="asset\music\testsound.wav">
      <Filter>asset\music</Filter>
    </Media>
    <Media Include="asset\sound\ArrowHit.wav">
      <Filter>asset\sound</Filter>
    </Media>
    <Media Include="asset\sound\bell.wav">
      <Filter>asset\sound</Filter>
    </Media>
    <Media Include="asset\sound\BoomerangAttack.wav">
      <Filter>asset\sound</Filter>
    </Media>
    <Media Include="asset\sound\explosion.wav">
      <Filter>asset\sound</Filter>
    </Media>
    <Media Include="asset\sound\hashCanonShot.wav">
      <Filter>asset\sound</Filter>
    </Media>
    <Media Include="asset\sound\linkedListActive.wav">
      <Filter>asset\sound</Filter>
    </Media>
    <Media Include="asset\sound\linkedListAttack.wav">
      <Filter>asset\sound</Filter>
    </Media>
    <Media Include="asset\sound\MethrannHochschule.wav">
      <Filter>asset\sound</Filter>
    </Media>
    <Media Include="asset\sound\MethrannPhysiker.wav">
      <Filter>asset\sound</Filter>
    </Media>
    <Media Include="asset\sound\MethrannRennt.wav">
      <Filter>asset\sound</Filter>
    </Media>
    <Media Include="asset\sound\ordinary.wav">
      <Filter>asset\sound</Filter>
    </Media>
    <Media Include="asset\sound\pewf.wav">
      <Filter>asset\sound</Filter>
    </Media>
    <Media Include="asset\sound\StringAttack.wav">
      <Filter>asset\sound</Filter>
    </Media>
    <Media Include="asset\sound\StringTower.wav">
      <Filter>asset\sound</Filter>
    </Media>
    <Media Include="asset\sound\thriee.wav">
      <Filter>asset\sound</Filter>
    </Media>
    <Media Include="asset\_music\testsound.wav">
      <Filter>asset\music</Filter>
    </Media>
    <Media Include="asset\sound\Darth_Vader_NO.mp3">
      <Filter>asset\music</Filter>
    </Media>
  </ItemGroup>
</Project>